{
  "projects": [
    {
      "projectId": "58GpZjZCWTaJ8AUhpCwt2K",
      "version": "3.34.0",
      "dependencies": {},
      "lang": "ts",
      "fileLocks": [
        {
          "assetId": "58GpZjZCWTaJ8AUhpCwt2K",
          "type": "projectCss",
          "checksum": "10b608311824a80e7c6511951671d9ed"
        },
        {
          "assetId": "58GpZjZCWTaJ8AUhpCwt2K",
          "checksum": "dd1bd3cd83a88e2a0cc47887c2f90093",
          "type": "projectModule"
        },
        {
          "assetId": "58GpZjZCWTaJ8AUhpCwt2K",
          "checksum": "f3e149b979cba0655755409bcb3982a8",
          "type": "styleTokensProvider"
        }
      ],
      "codegenVersion": "0.0.3"
    },
    {
      "projectId": "84wxoth5npGrp6RRXPL88z",
      "version": "4.36.0",
      "dependencies": {},
      "lang": "ts",
      "fileLocks": [
        {
          "assetId": "84wxoth5npGrp6RRXPL88z",
          "type": "projectCss",
          "checksum": "6cfe1fb765150bacb1010484d7c3f5a8"
        },
        {
          "assetId": "84wxoth5npGrp6RRXPL88z",
          "checksum": "fc1607072f62c6b32cdd98c507927289",
          "type": "globalContexts"
        },
        {
          "assetId": "84wxoth5npGrp6RRXPL88z",
          "checksum": "a11272e95da1b7718f1bb57cc1ac67b8",
          "type": "projectModule"
        },
        {
          "assetId": "84wxoth5npGrp6RRXPL88z",
          "checksum": "9e46a1265141f5c550945cc95598cb92",
          "type": "styleTokensProvider"
        }
      ],
      "codegenVersion": "0.0.3"
    },
    {
      "projectId": "8PtdGodUbexNYgkuyBUcWu",
      "version": "3.33.0",
      "dependencies": {},
      "lang": "ts",
      "fileLocks": [
        {
          "assetId": "8PtdGodUbexNYgkuyBUcWu",
          "type": "projectCss",
          "checksum": "1ba4aeba50d03a6e744a73a4e6995be9"
        },
        {
          "assetId": "8PtdGodUbexNYgkuyBUcWu",
          "checksum": "7374716521343de54f4a1551004b56d6",
          "type": "globalContexts"
        },
        {
          "assetId": "8PtdGodUbexNYgkuyBUcWu",
          "checksum": "4a730a817c90d1d4e5cc48ca7ca0f665",
          "type": "projectModule"
        },
        {
          "assetId": "8PtdGodUbexNYgkuyBUcWu",
          "checksum": "1067b7f90483f13e0d6bcbdffd99aa8c",
          "type": "styleTokensProvider"
        }
      ],
      "codegenVersion": "0.0.3"
    },
    {
      "projectId": "xfguyo8p9zs8FxMdioQAoN",
      "version": "0.41.0",
      "dependencies": {},
      "lang": "ts",
      "fileLocks": [
        {
          "assetId": "xfguyo8p9zs8FxMdioQAoN",
          "type": "projectCss",
          "checksum": "c591f180584432b1514d7851b1be0285"
        },
        {
          "assetId": "xfguyo8p9zs8FxMdioQAoN",
          "checksum": "d009acd8ca370f253d510d250c28e63c",
          "type": "globalContexts"
        },
        {
          "assetId": "xfguyo8p9zs8FxMdioQAoN",
          "checksum": "3040f250b82d2cb2f814caba3d387e80",
          "type": "projectModule"
        },
        {
          "assetId": "xfguyo8p9zs8FxMdioQAoN",
          "checksum": "aaef60a01115880ec7e763aba9236129",
          "type": "styleTokensProvider"
        }
      ],
      "codegenVersion": "0.0.3"
    },
    {
      "projectId": "jkU633o1Cz7HrJdwdxhVHk",
      "version": "16.19.0",
      "dependencies": {},
      "lang": "ts",
      "fileLocks": [
        {
          "assetId": "jkU633o1Cz7HrJdwdxhVHk",
          "type": "projectCss",
          "checksum": "85f25ea7fc605a951957b994266bf3eb"
        },
        {
          "assetId": "jkU633o1Cz7HrJdwdxhVHk",
          "checksum": "3360395d0903e45c2a5fde8c8bb81302",
          "type": "projectModule"
        },
        {
          "assetId": "jkU633o1Cz7HrJdwdxhVHk",
          "checksum": "78752dfb17d15d96e948021c8b474da4",
          "type": "styleTokensProvider"
        }
      ],
      "codegenVersion": "0.0.3"
    },
    {
      "projectId": "ohDidvG9XsCeFumugENU3J",
      "version": "6.36.0",
      "dependencies": {},
      "lang": "ts",
      "fileLocks": [
        {
          "assetId": "ohDidvG9XsCeFumugENU3J",
          "type": "projectCss",
          "checksum": "3f9cfe65194658f53dac7546f4bf0ebe"
        },
        {
          "assetId": "ohDidvG9XsCeFumugENU3J",
          "checksum": "be3f0aaba617feb7e002ecfd303a0f73",
          "type": "globalContexts"
        },
        {
          "assetId": "ohDidvG9XsCeFumugENU3J",
          "checksum": "fb807fe3705f30ea295ebfad5287dd4b",
          "type": "projectModule"
        },
        {
          "assetId": "ohDidvG9XsCeFumugENU3J",
          "checksum": "89d9d71e8cbe5cd52b12e923833f83f8",
          "type": "styleTokensProvider"
        }
      ],
      "codegenVersion": "0.0.3"
    },
    {
      "projectId": "caTPwKxj5ZrD9LQ7DMdK4Z",
      "version": "3.48.0",
      "dependencies": {},
      "lang": "ts",
      "fileLocks": [
        {
          "assetId": "caTPwKxj5ZrD9LQ7DMdK4Z",
          "type": "projectCss",
          "checksum": "a92f8a81c335659a69443e50fd02af8c"
        },
        {
          "assetId": "caTPwKxj5ZrD9LQ7DMdK4Z",
          "checksum": "5f8b503a54d81c7ee5a80fe9a5b1455f",
          "type": "projectModule"
        },
        {
          "assetId": "caTPwKxj5ZrD9LQ7DMdK4Z",
          "checksum": "a64de52d4813f05feeef174d99168c7a",
          "type": "styleTokensProvider"
        }
      ],
      "codegenVersion": "0.0.3"
    },
    {
      "projectId": "axVArpcqgHCPMKB2yUGsW3",
      "version": "0.0.3",
      "dependencies": {},
      "lang": "ts",
      "fileLocks": [
        {
          "type": "globalVariant",
          "assetId": "aTL61Gk1GKw5",
          "checksum": "b62a345f1491bc300dc7c9e5948f882d"
        },
        {
          "assetId": "axVArpcqgHCPMKB2yUGsW3",
          "type": "projectCss",
          "checksum": "6a1d6f1ae4cc47ff4dfd5b564cfd3ac4"
        },
        {
          "assetId": "axVArpcqgHCPMKB2yUGsW3",
          "checksum": "efeee08be9bb776bd0feea44869d336c",
          "type": "projectModule"
        },
        {
          "assetId": "axVArpcqgHCPMKB2yUGsW3",
          "checksum": "cd805d6527f4ec04f3659a7395593832",
          "type": "styleTokensProvider"
        }
      ],
      "codegenVersion": "0.0.3"
    },
    {
      "projectId": "gmeH6XgPaBtkt51HunAo4g",
      "version": "18.30.0",
      "dependencies": {},
      "lang": "ts",
      "fileLocks": [
        {
          "assetId": "gmeH6XgPaBtkt51HunAo4g",
          "checksum": "12432bceef704021122cb8b3d2017760",
          "type": "projectModule"
        },
        {
          "assetId": "gmeH6XgPaBtkt51HunAo4g",
          "checksum": "fe72ba8dfd186001e008f2e95fe60374",
          "type": "styleTokensProvider"
        },
        {
          "assetId": "gmeH6XgPaBtkt51HunAo4g",
          "type": "projectCss",
          "checksum": "a92f8a81c335659a69443e50fd02af8c"
        }
      ],
      "codegenVersion": "0.0.3"
    },
    {
      "projectId": "7nJ7UcFmq9UzB6eXfC5z4a",
      "version": "0.37.0",
      "dependencies": {},
      "lang": "ts",
      "fileLocks": [
        {
          "assetId": "7nJ7UcFmq9UzB6eXfC5z4a",
          "type": "projectCss",
          "checksum": "f19f5b1ff8205c02fd704231628b3a5c"
        },
        {
          "assetId": "7nJ7UcFmq9UzB6eXfC5z4a",
          "checksum": "bd882956589ba7fcd035211989e13120",
          "type": "projectModule"
        },
        {
          "assetId": "7nJ7UcFmq9UzB6eXfC5z4a",
          "checksum": "4611cf0afb68758e6b3b841a2d445b1d",
          "type": "styleTokensProvider"
        }
      ],
      "codegenVersion": "0.0.3"
    },
    {
      "projectId": "bLa1shfC4noziDsvmxjKJF",
      "version": "latest",
      "dependencies": {
        "7nJ7UcFmq9UzB6eXfC5z4a": "0.37.0",
        "gmeH6XgPaBtkt51HunAo4g": "18.30.0",
        "axVArpcqgHCPMKB2yUGsW3": "0.0.3",
        "caTPwKxj5ZrD9LQ7DMdK4Z": "3.48.0",
        "ohDidvG9XsCeFumugENU3J": "6.36.0",
        "jkU633o1Cz7HrJdwdxhVHk": "16.19.0",
        "xfguyo8p9zs8FxMdioQAoN": "0.41.0",
        "8PtdGodUbexNYgkuyBUcWu": "3.33.0",
        "84wxoth5npGrp6RRXPL88z": "4.36.0",
        "58GpZjZCWTaJ8AUhpCwt2K": "3.34.0",
        "hPz6Q3nQJn9Q8DTBgANGwo": "0.1.0",
        "hjKYmYi6HMwK6TRyk7ew5R": "6.48.0",
        "22U3ZXm4dE59qEW488gxzU": "0.36.0"
      },
      "lang": "ts",
      "fileLocks": [
        {
          "type": "globalVariant",
          "assetId": "KczwnCiKgXGW",
          "checksum": "6018a16bcf5ecb3fbac4f4c7162b6f82"
        },
        {
          "assetId": "bLa1shfC4noziDsvmxjKJF",
          "checksum": "1da508fd31a28e3c452cffcadec2e7d0",
          "type": "globalContexts"
        },
        {
          "assetId": "bLa1shfC4noziDsvmxjKJF",
          "checksum": "76e8167841540102e67688add852a819",
          "type": "projectModule"
        },
        {
          "assetId": "bLa1shfC4noziDsvmxjKJF",
          "checksum": "a4980fb31a315a9fb6e97bbd5cfab57c",
          "type": "styleTokensProvider"
        },
        {
          "type": "renderModule",
          "assetId": "pYJFbf4txB9X",
          "checksum": "33ea47098e03cdbf03f7f5685b9fa8d3"
        },
        {
          "type": "cssRules",
          "assetId": "pYJFbf4txB9X",
          "checksum": "33ea47098e03cdbf03f7f5685b9fa8d3"
        },
        {
          "type": "renderModule",
          "assetId": "3ZpM_Qw-1U3z",
          "checksum": "d1fb6405e60d4940188ddebbf6dfb8ff"
        },
        {
          "type": "cssRules",
          "assetId": "3ZpM_Qw-1U3z",
          "checksum": "d1fb6405e60d4940188ddebbf6dfb8ff"
        },
        {
          "type": "renderModule",
          "assetId": "3Mw4AJ5ormIq",
          "checksum": "618ea49aa5fb3ef153c00b0535c92922"
        },
        {
          "type": "cssRules",
          "assetId": "3Mw4AJ5ormIq",
          "checksum": "618ea49aa5fb3ef153c00b0535c92922"
        },
        {
          "type": "renderModule",
          "assetId": "rBKpW-lDXfWK",
          "checksum": "5a4cc9594af9a561bbaba89a6431b970"
        },
        {
          "type": "cssRules",
          "assetId": "rBKpW-lDXfWK",
          "checksum": "5a4cc9594af9a561bbaba89a6431b970"
        },
        {
          "type": "renderModule",
          "assetId": "SXapTQg1lTYX",
          "checksum": "120df487f9d15a681c84063cb5fb2f2a"
        },
        {
          "type": "cssRules",
          "assetId": "SXapTQg1lTYX",
          "checksum": "120df487f9d15a681c84063cb5fb2f2a"
        },
        {
          "type": "renderModule",
          "assetId": "w3jKWDnt2zv1",
          "checksum": "b69734bbdb81d098080a88eb4db5751d"
        },
        {
          "type": "cssRules",
          "assetId": "w3jKWDnt2zv1",
          "checksum": "b69734bbdb81d098080a88eb4db5751d"
        },
        {
          "type": "renderModule",
          "assetId": "VLjK03XBepNB",
          "checksum": "6fc6ccfa7378f8809cac955e6810fafc"
        },
        {
          "type": "cssRules",
          "assetId": "VLjK03XBepNB",
          "checksum": "6fc6ccfa7378f8809cac955e6810fafc"
        },
        {
          "type": "renderModule",
          "assetId": "oLdNG6yB_GWb",
          "checksum": "7a513a2eb1bcf1c94487445a0256cbae"
        },
        {
          "type": "cssRules",
          "assetId": "oLdNG6yB_GWb",
          "checksum": "7a513a2eb1bcf1c94487445a0256cbae"
        },
        {
          "type": "renderModule",
          "assetId": "Gitq1R2yOG92",
          "checksum": "af84364f1e4dec15e7060c8fb46195db"
        },
        {
          "type": "cssRules",
          "assetId": "Gitq1R2yOG92",
          "checksum": "af84364f1e4dec15e7060c8fb46195db"
        },
        {
          "type": "renderModule",
          "assetId": "sVhN06_u5KJ1",
          "checksum": "9eec6f23a9cc3254c7aeb23408ac5f21"
        },
        {
          "type": "cssRules",
          "assetId": "sVhN06_u5KJ1",
          "checksum": "9eec6f23a9cc3254c7aeb23408ac5f21"
        },
        {
          "type": "renderModule",
          "assetId": "u1Kyfwr4MSZG",
          "checksum": "d2e315ce0506828592b4292dc67877ec"
        },
        {
          "type": "cssRules",
          "assetId": "u1Kyfwr4MSZG",
          "checksum": "d2e315ce0506828592b4292dc67877ec"
        },
        {
          "type": "renderModule",
          "assetId": "fX5hEjjykD_1",
          "checksum": "11db634a57669550c6addadc72fef9ae"
        },
        {
          "type": "cssRules",
          "assetId": "fX5hEjjykD_1",
          "checksum": "11db634a57669550c6addadc72fef9ae"
        },
        {
          "type": "renderModule",
          "assetId": "0ljhCJE3Iv1d",
          "checksum": "0f26896eb4b7d50d49bd82f980a013cb"
        },
        {
          "type": "cssRules",
          "assetId": "0ljhCJE3Iv1d",
          "checksum": "0f26896eb4b7d50d49bd82f980a013cb"
        },
        {
          "type": "renderModule",
          "assetId": "mG6mFij6XExi",
          "checksum": "776c4fc1e04bb842af36aa069ef49e1f"
        },
        {
          "type": "cssRules",
          "assetId": "mG6mFij6XExi",
          "checksum": "776c4fc1e04bb842af36aa069ef49e1f"
        },
        {
          "type": "renderModule",
          "assetId": "pJp_GqmWQ71r",
          "checksum": "9fc4115d97869228dd502b9ff6a76cbd"
        },
        {
          "type": "cssRules",
          "assetId": "pJp_GqmWQ71r",
          "checksum": "9fc4115d97869228dd502b9ff6a76cbd"
        },
        {
          "type": "renderModule",
          "assetId": "H0Q4YGXvnXjh",
          "checksum": "f9e93ab0a578e96d94d3076f827fcfec"
        },
        {
          "type": "cssRules",
          "assetId": "H0Q4YGXvnXjh",
          "checksum": "f9e93ab0a578e96d94d3076f827fcfec"
        },
        {
          "type": "renderModule",
          "assetId": "dkKX5oUPUtTr",
          "checksum": "cf6cdc1d3b92580a1d483033b8bca058"
        },
        {
          "type": "cssRules",
          "assetId": "dkKX5oUPUtTr",
          "checksum": "cf6cdc1d3b92580a1d483033b8bca058"
        },
        {
          "type": "icon",
          "assetId": "O69ux64W705L",
          "checksum": "6d907af6da9b4538e96214099f60dacc"
        },
        {
          "type": "icon",
          "assetId": "OJ-2NRrqKvz6",
          "checksum": "4163945fadd4012cf97c6e970e98450a"
        },
        {
          "type": "icon",
          "assetId": "dlvUo4g-Sy-8",
          "checksum": "c36360583e96b27cf854a595238bbed6"
        },
        {
          "type": "icon",
          "assetId": "2z-T36bmGF0e",
          "checksum": "1c0263dbb1467b65d52d29c5ae3374df"
        },
        {
          "type": "icon",
          "assetId": "I_5_lOrfvagm",
          "checksum": "62570f37ee0cd3d9f24780719a93bc29"
        },
        {
          "type": "icon",
          "assetId": "Gbf4KRN-88N-",
          "checksum": "47037b3aa106b421240e33d53439b492"
        },
        {
          "type": "icon",
          "assetId": "sEXZME-mSjFK",
          "checksum": "0fb6bc50a22e81e1ec602d3a00560ee7"
        },
        {
          "type": "icon",
          "assetId": "c7m7NSA1YlfM",
          "checksum": "2c33e423fe50119775c2e8cb830a1c99"
        },
        {
          "type": "icon",
          "assetId": "7yWk_ByP_auV",
          "checksum": "d253f12bebb1d6a00aff964d38f600a9"
        },
        {
          "type": "icon",
          "assetId": "USkRqeMiZNc-",
          "checksum": "3b1ea0d08420073c43368c70809733e6"
        },
        {
          "type": "icon",
          "assetId": "I6R9tdLXkQer",
          "checksum": "3f139e16f6bc906034c117b7052a56c0"
        },
        {
          "type": "icon",
          "assetId": "XVSFhUeRi9UU",
          "checksum": "22ac939c9c50998a6535a0acfbb4dad5"
        },
        {
          "type": "icon",
          "assetId": "Y8Z0b7C0gH0B",
          "checksum": "c4396d3852326e49004a1963050fc0b8"
        },
        {
          "type": "icon",
          "assetId": "B-PEmF-FKsY-",
          "checksum": "2d3d02a5da477e442e75cfae6886c5a9"
        },
        {
          "type": "icon",
          "assetId": "FDz_Lh9IuoyH",
          "checksum": "b0a54ac2788a0ced4b412d06ad62f3c8"
        },
        {
          "type": "icon",
          "assetId": "La3DKQmXAFqc",
          "checksum": "1c1e2c09499acc885b0d6db4fea6c0df"
        },
        {
          "type": "icon",
          "assetId": "pTsLzo_sP9iD",
          "checksum": "090101ba60947172b40d6e9019073c89"
        },
        {
          "type": "icon",
          "assetId": "MpGNbkOGJDen",
          "checksum": "bfd897ed05700629cfbd3b8c6364f3df"
        },
        {
          "type": "icon",
          "assetId": "0yysacKLnZPc",
          "checksum": "2c02fbf30930012363b3fdfdce992aa5"
        },
        {
          "type": "icon",
          "assetId": "CxR17yBqNzXL",
          "checksum": "42e004971fbda0961954d3d3b4b32236"
        },
        {
          "type": "icon",
          "assetId": "vnsitXJFBqYG",
          "checksum": "e6e5898fd8763c94054133c1b8b693e3"
        },
        {
          "type": "icon",
          "assetId": "MlHL8972SvoC",
          "checksum": "3fd6652101b772b62ce93d5c71a53fea"
        },
        {
          "type": "icon",
          "assetId": "GHxGL2RaNS_l",
          "checksum": "822441ff4270da347595f33a4584fb95"
        },
        {
          "type": "icon",
          "assetId": "rnW9FoFGMpnX",
          "checksum": "8cf036b26b280c6425b91314c6c7dfbf"
        },
        {
          "type": "icon",
          "assetId": "-KLX5mkM3WO2",
          "checksum": "8ed2af9d8384fca5dc820cdb7f5c4ab1"
        },
        {
          "type": "icon",
          "assetId": "yWVOLLl75sAq",
          "checksum": "92e2a3b782efd0d52c3d93f869453d2c"
        },
        {
          "type": "icon",
          "assetId": "4SRqKz5j1lHF",
          "checksum": "8022a743b07d37656ab9cf56c0482422"
        },
        {
          "type": "icon",
          "assetId": "CAzb3JOJmiO3",
          "checksum": "b240e45f480785e0cdf455a0470220c3"
        },
        {
          "type": "icon",
          "assetId": "un1BCMcfUiHU",
          "checksum": "f4d4c92b4cee8e88bf67f93761d0447f"
        },
        {
          "type": "icon",
          "assetId": "i73-ivKAO_q_",
          "checksum": "fbfecfbce84d9bc1046e285f933d8fc4"
        },
        {
          "type": "icon",
          "assetId": "-GDxWQeXT8Tb",
          "checksum": "57180378fa94428e64b4147e5944cad8"
        },
        {
          "type": "icon",
          "assetId": "MGasy3tg2FcM",
          "checksum": "5bc008a8fc1c15a720c355ce99f99cb3"
        },
        {
          "type": "icon",
          "assetId": "bMT_KuB0Rf-I",
          "checksum": "0eebdf932234f9ffb8e75bfb05e4724b"
        },
        {
          "type": "icon",
          "assetId": "njRUBxyhQgFt",
          "checksum": "ac95cf7528f44e9810f7f482fcc3c997"
        },
        {
          "type": "icon",
          "assetId": "QskYHRB7Z5Ht",
          "checksum": "53490bd1e927665a4d50262fde3038a4"
        },
        {
          "type": "icon",
          "assetId": "HLafKZv9GWza",
          "checksum": "b7d42d9f2cdaca0cdb21e163dc083413"
        },
        {
          "type": "icon",
          "assetId": "8jQ5ZREdqvBR",
          "checksum": "f0f213204c4725e8771209fdb7389f47"
        },
        {
          "type": "icon",
          "assetId": "RNiMy76HG5_X",
          "checksum": "60e8bff5dfc8bc481a672ec530269817"
        },
        {
          "type": "icon",
          "assetId": "2WxnB5zdkiqv",
          "checksum": "490d08907decd115a8c759c3be55c711"
        },
        {
          "type": "image",
          "assetId": "QomyGi6TaomC",
          "checksum": "fea3675bc3010cbfebb830df32cdf96e"
        },
        {
          "type": "image",
          "assetId": "CNpP1Jmdznxl",
          "checksum": "a10329f557165aeb7556e5036499431e"
        },
        {
          "type": "image",
          "assetId": "-q6y-xbeIeAk",
          "checksum": "66c3028b13984d21c7b7b171a6881d4a"
        },
        {
          "type": "image",
          "assetId": "hRTi_nreA3mW",
          "checksum": "f831f47cd2095baeec1f7ad50f9c3e97"
        },
        {
          "type": "image",
          "assetId": "WYE17HwcV2EE",
          "checksum": "863cb0b4c72f4c8b7eda7ff579abd18e"
        },
        {
          "type": "image",
          "assetId": "2UWaD-RslYbo",
          "checksum": "ca42e356bf1b8d981e6aa357fc8abbbb"
        },
        {
          "type": "image",
          "assetId": "PdyxJRHoT1Bb",
          "checksum": "d29746283e9b0c7ea117402c1751546d"
        },
        {
          "type": "image",
          "assetId": "SdO5n9seefof",
          "checksum": "e479d71fed6b27d097de82f677cd81e7"
        },
        {
          "type": "image",
          "assetId": "XjNRODnzt0na",
          "checksum": "47d97ccbcca52ce2ecccc5ef62dcfc5f"
        },
        {
          "type": "image",
          "assetId": "WJquVx8YfDDT",
          "checksum": "9371f94814a776d7b68afa7fc1f06ae6"
        },
        {
          "type": "image",
          "assetId": "gkMiJLW1Lj9H",
          "checksum": "7fd4141b2ca766a2b673163391017f33"
        },
        {
          "type": "image",
          "assetId": "tdT-b5-ulZSo",
          "checksum": "ce9dfd061445363cda565a34b42add4d"
        },
        {
          "type": "image",
          "assetId": "GWVl0BsyDhxa",
          "checksum": "1945a7e475714595b5b7c788837c6fca"
        },
        {
          "type": "image",
          "assetId": "APUM6F9ZEWds",
          "checksum": "862de166003d6ad0c45091550d9390cc"
        },
        {
          "type": "image",
          "assetId": "2D5U4Mf4OkwU",
          "checksum": "560576d1551f97818e2def3477c588d1"
        },
        {
          "type": "image",
          "assetId": "oku5iWL7bu9B",
          "checksum": "63dd488083b5f598cc7f38e1c9a7ba7d"
        },
        {
          "type": "image",
          "assetId": "lLz6E6X-BcTU",
          "checksum": "46d008cdc65135b9e8ca82dbafff1f25"
        },
        {
          "type": "image",
          "assetId": "e_bpRmNMnJ3l",
          "checksum": "9a51da01227c4e69bb5a1434c7dd1a8b"
        },
        {
          "type": "image",
          "assetId": "Vg5LOaNV456S",
          "checksum": "64eed1f34ed543687b4f12ed58e117e3"
        },
        {
          "type": "image",
          "assetId": "_oNqbwo_Vlf9",
          "checksum": "f1df61f3197489ccb3692a4753a97b72"
        },
        {
          "type": "image",
          "assetId": "kvECBhguNU7U",
          "checksum": "b0dfaff14e61333f7ce0c2a217017703"
        },
        {
          "type": "image",
          "assetId": "H4RuAli4vlW3",
          "checksum": "fbda25629fe51711691dd5f1a0804aa3"
        },
        {
          "type": "image",
          "assetId": "A9SSn1-Pxqn4",
          "checksum": "5dd83e85be8b5528945d2d0967ba360e"
        },
        {
          "type": "image",
          "assetId": "D3NWFHwCLfBu",
          "checksum": "1bbe7304f77409d813f1196c21990d68"
        },
        {
          "type": "image",
          "assetId": "LMMkdRiZ5cXh",
          "checksum": "4cca2de130603fc6fa4fcde58aef7c2c"
        },
        {
          "type": "image",
          "assetId": "K4tnEV74nc6e",
          "checksum": "2475dace410510a6ad313b401863f50f"
        },
        {
          "type": "image",
          "assetId": "RQckHbgPHFcx",
          "checksum": "8c6b9d61804593a68231214717fc3ddd"
        },
        {
          "type": "image",
          "assetId": "SQ0OnnzD2W2Y",
          "checksum": "d8d5a80900e3d7da00f0f42d669cf0dd"
        },
        {
          "type": "image",
          "assetId": "_rq2DZO2Svcn",
          "checksum": "779fdc5a1e3921e4812149f07bfcdbff"
        },
        {
          "type": "image",
          "assetId": "H85IvpUpw-vS",
          "checksum": "f6ee2e1637c7522c208d026f2d872b90"
        },
        {
          "type": "image",
          "assetId": "YlqMgFk_co31",
          "checksum": "5a0cc64641fdeb7541c8f81dafb5c60d"
        },
        {
          "type": "image",
          "assetId": "F373gbVKxQ6n",
          "checksum": "81116cd3ea030b9f720b019e5ed498ce"
        },
        {
          "type": "image",
          "assetId": "NQ55hNQypnqy",
          "checksum": "de63f4fb23b4e1c42d3a1c4c1352d203"
        },
        {
          "type": "image",
          "assetId": "cToLOf0gJ_hp",
          "checksum": "b44eea5e9847d84d600ca72159f6c2c5"
        },
        {
          "type": "image",
          "assetId": "glJhhMGOLGBH",
          "checksum": "1f322678ffa862ab404eb022d3db7bec"
        },
        {
          "type": "image",
          "assetId": "zqUN5Eq-5LdI",
          "checksum": "9f698dc8a4e85a3627505a58bc11d724"
        },
        {
          "type": "image",
          "assetId": "irN8Pumqnvwk",
          "checksum": "37134484d9d79b65afe94f61c3997fc5"
        },
        {
          "type": "image",
          "assetId": "M1ODy6kSxRvu",
          "checksum": "530d589736f57f7d5b466f4d14d0ce3d"
        },
        {
          "type": "image",
          "assetId": "yxd55JQS3tZQ",
          "checksum": "0ef55fd62a8a3224474fce55e4db1fbe"
        },
        {
          "type": "image",
          "assetId": "A7tDYYIZd9ZR",
          "checksum": "5ac901efc26d488a878d38674111a253"
        },
        {
          "type": "image",
          "assetId": "CqpcNJYY2JVa",
          "checksum": "ac6dfce38e008cba598b0e55ce71c676"
        },
        {
          "type": "image",
          "assetId": "aloolNdyCdMp",
          "checksum": "0bb4107f9afdc486cfdd56c01def9d2f"
        },
        {
          "type": "image",
          "assetId": "tvi5qKSgtvPU",
          "checksum": "d198d81e39a62fe4781f20676253bfb6"
        },
        {
          "type": "image",
          "assetId": "g_YwNgjb87JS",
          "checksum": "94755970d4e329e280a0e78b67f3b04b"
        },
        {
          "type": "image",
          "assetId": "tf4JnPkAD3wf",
          "checksum": "275fc53bfbc23c8b9358f0feea3d258d"
        },
        {
          "type": "image",
          "assetId": "e8Owvu9DWaqL",
          "checksum": "6250afd9e33ddcdc803b01a9e3e7a760"
        },
        {
          "type": "image",
          "assetId": "kiorLuhuTJXo",
          "checksum": "8e36f98276f775e5c46771bbab4cd851"
        },
        {
          "type": "image",
          "assetId": "X9GowPfVBxyy",
          "checksum": "263cd766706d92ed632a1909469d4325"
        },
        {
          "type": "image",
          "assetId": "l6S5ixafWKwi",
          "checksum": "4b28a188abde9ac937211f9041711fa7"
        },
        {
          "type": "image",
          "assetId": "N1rcgsxUUWhK",
          "checksum": "dba72dbdb5e9ec3f33242bf2719947c7"
        },
        {
          "type": "image",
          "assetId": "NTon1G4rFHSs",
          "checksum": "fe3570a26badb25c1fca28508d49156c"
        },
        {
          "type": "image",
          "assetId": "hxSIyTO7c9HS",
          "checksum": "4ffd6e5609b2ebcfe4861347a6fa9251"
        },
        {
          "type": "image",
          "assetId": "KGpJS9OlMq5y",
          "checksum": "6924debb8ba4b1ba953c3a2e521531ae"
        },
        {
          "type": "image",
          "assetId": "lhCyCwbWDofz",
          "checksum": "294eff0da94e749fbf71ad30cbdf3e5a"
        },
        {
          "type": "image",
          "assetId": "dUgYnqtnzdhz",
          "checksum": "9bb2a32459fa75c03ef5791a88fc560a"
        },
        {
          "type": "image",
          "assetId": "eEhSt3R8AUsM",
          "checksum": "774952e7d8bfd556ea18e5122f87d652"
        },
        {
          "type": "image",
          "assetId": "IoBhA2evXyRb",
          "checksum": "16e261f8b670d585c6102847d9d4c7e8"
        },
        {
          "type": "image",
          "assetId": "9QpFgZKNwUCp",
          "checksum": "53e8647516bb434c2389d6c6653e0cbe"
        },
        {
          "type": "image",
          "assetId": "svheFz_YnHIG",
          "checksum": "121b397ef7995fba6b85f5769f7f9991"
        },
        {
          "type": "image",
          "assetId": "vHVXv6OQzMrX",
          "checksum": "2fb6c31e7e2808176ed586a55ef738ad"
        },
        {
          "type": "image",
          "assetId": "EAYqilW4H-Sf",
          "checksum": "280134efce26d564650cf83b977969f8"
        },
        {
          "type": "image",
          "assetId": "gh5IcIWvRonR",
          "checksum": "7610962191939dc8ddf7c29434d7d355"
        },
        {
          "type": "image",
          "assetId": "RdQxQfk1jCEF",
          "checksum": "a99f3f6e370687cd5db40ce2a9f22a4f"
        },
        {
          "type": "image",
          "assetId": "sgwmXKZPz8ZI",
          "checksum": "b23eae6443b2edd49f05ae598ca797c9"
        },
        {
          "type": "image",
          "assetId": "lTDeDCVVKBvs",
          "checksum": "d4878a11dff678ee946f85196dc68dd0"
        },
        {
          "type": "image",
          "assetId": "mhsL6lCAQZD6",
          "checksum": "e4d1589111f68207b96a113c686a332c"
        },
        {
          "type": "image",
          "assetId": "yWyLPeZLki99",
          "checksum": "7f50b813d9eeb779ff8750c73ef8dd3f"
        },
        {
          "type": "image",
          "assetId": "LfDO5RL8QGde",
          "checksum": "dc41e62e8c1a4bbeb86a08f69910a59f"
        },
        {
          "type": "image",
          "assetId": "8cc9NCX5Rvl6",
          "checksum": "3a596644392ec1e1c4df0d45de32d9c2"
        },
        {
          "type": "image",
          "assetId": "j6e7rujSf3Fd",
          "checksum": "73593e5f9093a7cffa3c0b4f912ebb3b"
        },
        {
          "type": "image",
          "assetId": "yKIzv6YnA26R",
          "checksum": "08b9951e7441961f2d56b568c16678fc"
        },
        {
          "type": "image",
          "assetId": "4h9eq2DwpU-N",
          "checksum": "370b6b9004628e44e39c07ce31228bcf"
        },
        {
          "type": "image",
          "assetId": "FcHE_fc62g2g",
          "checksum": "2c845297eb2543ef50b25e87b0cecc08"
        },
        {
          "type": "image",
          "assetId": "sw5iKxh-sjkW",
          "checksum": "aaac70fc98c727f440c0a7584f71f096"
        },
        {
          "type": "image",
          "assetId": "ti9xNIQtzP1B",
          "checksum": "6d795bf17c62fe58dcd3f22878a01c5a"
        },
        {
          "type": "image",
          "assetId": "eIx-VwL51LcU",
          "checksum": "d06502d3533e99b73f13b75a956c1065"
        },
        {
          "type": "image",
          "assetId": "sGfOo2URsVPS",
          "checksum": "9ead21133b11f3c2842c84e0ac2f0bb3"
        },
        {
          "type": "image",
          "assetId": "jxVpT4enlOsC",
          "checksum": "b7e97c6de10703f7a6132a112415e7de"
        },
        {
          "type": "image",
          "assetId": "oK6Iufb6iQ3U",
          "checksum": "770f4526a0bede4d448673343b9e9b7d"
        },
        {
          "type": "image",
          "assetId": "ywcx4OFgVE53",
          "checksum": "d7f637f1739f81dd4d33937ebcc59c2d"
        },
        {
          "type": "image",
          "assetId": "ciKl3Y2PJtKL",
          "checksum": "d182938c2a62b0a8de84714dd9f92a81"
        },
        {
          "type": "image",
          "assetId": "EmKpIYdla5U_",
          "checksum": "f40d23397241f2ef45df4f4487239a5e"
        },
        {
          "type": "image",
          "assetId": "yN60piTGHkXW",
          "checksum": "264770ad05044bef501033c82540796b"
        },
        {
          "type": "image",
          "assetId": "qpsCsXREDDV4",
          "checksum": "61e2144bf63d36bcb32cea0634923ef8"
        },
        {
          "type": "image",
          "assetId": "6E5fCxSlLQRT",
          "checksum": "12f8d13fdf37fe8e5600a7afaf54caee"
        },
        {
          "type": "image",
          "assetId": "KfpLK6SspAJ5",
          "checksum": "6cd0b4ff51a41b66f5554fae5d635d1e"
        },
        {
          "type": "image",
          "assetId": "XampTkF8oHZD",
          "checksum": "50090df17456660efb5147ebed52964b"
        },
        {
          "type": "image",
          "assetId": "oPlyrhPik3W3",
          "checksum": "bb176e011b92d1bbb1fcbd4e10140b6f"
        },
        {
          "type": "image",
          "assetId": "WaBnyZUQ2jeW",
          "checksum": "6fc9bf306bd9ee78379fae593326d6d1"
        },
        {
          "type": "image",
          "assetId": "6NprwlvStEd_",
          "checksum": "5916d033cffa5b87544b561124b84475"
        },
        {
          "type": "image",
          "assetId": "Xmi5t_EjAJkc",
          "checksum": "552ec944e70b176e64a6788e1fd31775"
        },
        {
          "type": "image",
          "assetId": "_BVwn9uNdu5X",
          "checksum": "366d98d6845abc4fd107f5672fa5749c"
        },
        {
          "type": "image",
          "assetId": "YXmwMARCwJIF",
          "checksum": "22dcef5d0abc57ee1dd736b012694824"
        },
        {
          "type": "image",
          "assetId": "Infzv_a0EAQB",
          "checksum": "2fe2154023119a0b2a5408d7db2e0d21"
        },
        {
          "type": "image",
          "assetId": "J9b3-98eof0q",
          "checksum": "4e8a691b466a3d955a704db2d9804b91"
        },
        {
          "type": "image",
          "assetId": "rVPTDyrwx_Dt",
          "checksum": "4b1ed044a332f6225ea378add80f4678"
        },
        {
          "type": "image",
          "assetId": "xviDMl47tAsC",
          "checksum": "5893f9cc4b20e22b64ea1b8fa9ee9927"
        },
        {
          "type": "image",
          "assetId": "Rtjvsqz7ytUj",
          "checksum": "e89f2bdd9760bb420a01325d34eb7ab2"
        },
        {
          "type": "image",
          "assetId": "TFwi8nmj_t-d",
          "checksum": "e4d9f3612fb5f084fbb9eaa90cf5fc33"
        },
        {
          "type": "image",
          "assetId": "XH7Z3_gib4dQ",
          "checksum": "f0455803162d26ee0f59819677aa5e51"
        },
        {
          "type": "image",
          "assetId": "gm1IHJAc4jyg",
          "checksum": "683b1b4c717fefaf1a1acab147ff6cc4"
        },
        {
          "type": "image",
          "assetId": "n-uuvAsFiC58",
          "checksum": "1330eb35e1d605603036b8bb3bd9df15"
        },
        {
          "type": "image",
          "assetId": "iMuwRbzM23Ir",
          "checksum": "19422bb4f3fdb04ea830b96e122a7cf7"
        },
        {
          "type": "image",
          "assetId": "CugBreKmAJMi",
          "checksum": "a147cb38d4b0433f36cc755a5d845f32"
        },
        {
          "type": "image",
          "assetId": "bCt-qRnomMwP",
          "checksum": "05b8f209afabd8e99eed3eac89ee645a"
        },
        {
          "type": "image",
          "assetId": "ElN9ritt3Ns1",
          "checksum": "c9026f854dc732ba645b1b317026369b"
        },
        {
          "type": "image",
          "assetId": "DLKjPn5cRhc7",
          "checksum": "62903f73c69b89bb21a7fecdeb8b3fdc"
        },
        {
          "type": "image",
          "assetId": "sBi69XuUXfsz",
          "checksum": "8b574c5ca39c424d142e0c7d9ed36507"
        },
        {
          "type": "image",
          "assetId": "jUP4tvNlepgS",
          "checksum": "1a04753296f6eb167a45360aa4858693"
        },
        {
          "type": "image",
          "assetId": "3VR4FTyVxwuJ",
          "checksum": "3c576f05554fbdb636c99451b676bc2e"
        },
        {
          "type": "image",
          "assetId": "hGeFyCxtpSIV",
          "checksum": "8ca5f2bffc16cac50363e284d433416e"
        },
        {
          "type": "image",
          "assetId": "8x7UTmfE0wOk",
          "checksum": "6eac5b543d2780279d98ed81b4b74afb"
        },
        {
          "type": "image",
          "assetId": "COZ4We_RQqu0",
          "checksum": "68ed5a478218d54ffd14ce7489ed3b94"
        },
        {
          "type": "image",
          "assetId": "lfzZ51TCr2aG",
          "checksum": "424a31c06165284443f5520aac161b1f"
        },
        {
          "type": "image",
          "assetId": "0wtxxxNB1q0u",
          "checksum": "a710f8fd88a0e70e1642218cef2906e5"
        },
        {
          "type": "image",
          "assetId": "VRlINluYVWTG",
          "checksum": "1bf957a4861a9784f2381b9482023c3a"
        },
        {
          "type": "image",
          "assetId": "u64UzIcfuLpx",
          "checksum": "c4fdf3dda8f14193651c2122fb987a72"
        },
        {
          "type": "image",
          "assetId": "nBNbqbM0kHCW",
          "checksum": "7faa7304583a3dfe5c8af5581e07a31e"
        },
        {
          "type": "image",
          "assetId": "PhYBKYpu1qBh",
          "checksum": "f7ec1d136177969203df04b75c0dad8b"
        },
        {
          "type": "image",
          "assetId": "xXYQzP3MZ0Ft",
          "checksum": "2c4b8d48ec9b082665684e65c1906360"
        },
        {
          "type": "image",
          "assetId": "0TkpknlirNCp",
          "checksum": "38e0e8f05d7db109309ae27e55f2af88"
        },
        {
          "type": "image",
          "assetId": "kKc98TL8YuuQ",
          "checksum": "029f48eedc131988aa7a4cc7529d7989"
        },
        {
          "type": "image",
          "assetId": "VfI38q9TneK-",
          "checksum": "b3236f9fa785977257002c925eb04263"
        },
        {
          "type": "image",
          "assetId": "aQ6SfYXfJtLK",
          "checksum": "820c6f05e4777162e36bfa0fabe5f47a"
        },
        {
          "type": "image",
          "assetId": "DHHOpyd5hP0t",
          "checksum": "5229920082c41918edeab298a88d0ce5"
        },
        {
          "type": "image",
          "assetId": "b5_XZNSHAGx0",
          "checksum": "ebed9aad0a5ac067bad831e9a5944b26"
        },
        {
          "type": "image",
          "assetId": "IZ7AUZrxDwl7",
          "checksum": "bd7c4491027ff8418952fffb8760b882"
        },
        {
          "type": "image",
          "assetId": "clEmJ7UFxpC3",
          "checksum": "436f8272a73f1085e50ccd6ab473a520"
        },
        {
          "type": "image",
          "assetId": "Ba28rWhvunmG",
          "checksum": "ef45a74e142c37f84a846238bec41ea0"
        },
        {
          "type": "image",
          "assetId": "1PzE40tx6sGf",
          "checksum": "6a169279be3791c189fc5ba43be78799"
        },
        {
          "type": "image",
          "assetId": "D9ri-QfMpC-t",
          "checksum": "44f240847f7df8f3f6edc43998c7edeb"
        },
        {
          "type": "image",
          "assetId": "hN5TFEXnMrJP",
          "checksum": "d398399b94692e8f818d660dc6e63f11"
        },
        {
          "type": "image",
          "assetId": "qAXPkcgj-_U_",
          "checksum": "e9a0f8f27043b49f9c59165bc787acf3"
        },
        {
          "type": "image",
          "assetId": "TTJHsheAL6Hk",
          "checksum": "af077386be9c3a6e4b9f55b975e42d18"
        },
        {
          "type": "image",
          "assetId": "UKGmgYc1FC3L",
          "checksum": "a76eac39c008cbf0c263f7aee79051e3"
        },
        {
          "type": "image",
          "assetId": "TsrcAe5XiSKw",
          "checksum": "7322c2591c68856c703bd6c7aee57d48"
        },
        {
          "type": "renderModule",
          "assetId": "F5b4pw36Rhyj",
          "checksum": "2d8d6886eaf6d96ff5ed1ff495801dc9"
        },
        {
          "type": "cssRules",
          "assetId": "F5b4pw36Rhyj",
          "checksum": "2d8d6886eaf6d96ff5ed1ff495801dc9"
        },
        {
          "type": "image",
          "assetId": "bd6v9dmbyS2O",
          "checksum": "502eb7261cb707fc996baa2d85c1a766"
        },
        {
          "type": "image",
          "assetId": "MGngVS57or5b",
          "checksum": "96547805cb4046a39a2a0540039dbb4f"
        },
        {
          "type": "image",
          "assetId": "LuZwcHmKadQL",
          "checksum": "4a39481df891dd4856b82f433cd7712f"
        },
        {
          "type": "image",
          "assetId": "0IqNMxU2BYX9",
          "checksum": "234f07f2865f249e6180d045b53b16c7"
        },
        {
          "type": "image",
          "assetId": "prSOsC2wFiDJ",
          "checksum": "9791b1ae4068881a133f3c2679c37173"
        },
        {
          "type": "image",
          "assetId": "4pYYw-UaRZZ-",
          "checksum": "72b03d7e260213a401844c57e6c5916e"
        },
        {
          "type": "image",
          "assetId": "HX29obOiX7hC",
          "checksum": "62d5cdb6c3c7ca691c3d3c4f5394dac0"
        },
        {
          "type": "image",
          "assetId": "HMaobpWeDtXg",
          "checksum": "c8e5a9e5644a214651b6ef889f7eee2f"
        },
        {
          "type": "image",
          "assetId": "LTBWxJuT8K5C",
          "checksum": "f9a1139c271bc3bf172ca42dc813e5cb"
        },
        {
          "type": "renderModule",
          "assetId": "uoJMXHK3hbae",
          "checksum": "74c6e825f4aaeb39f5027c36a7d870a0"
        },
        {
          "type": "cssRules",
          "assetId": "uoJMXHK3hbae",
          "checksum": "74c6e825f4aaeb39f5027c36a7d870a0"
        },
        {
          "type": "image",
          "assetId": "sA5aLslG7pQu",
          "checksum": "159c2ae3769c7274f55e85b8b6256db4"
        },
        {
          "type": "image",
          "assetId": "e0S1odsjLFbw",
          "checksum": "1f4cdb06dc4e39de33f26697c8b32e9a"
        },
        {
          "type": "image",
          "assetId": "dvp0dmK6MLHB",
          "checksum": "c27585f0147b6b93cba570e050d21df3"
        },
        {
          "type": "renderModule",
          "assetId": "dKZrPBt4B-lj",
          "checksum": "e071c31c2144150545d0f4355f69e23a"
        },
        {
          "type": "cssRules",
          "assetId": "dKZrPBt4B-lj",
          "checksum": "e071c31c2144150545d0f4355f69e23a"
        },
        {
          "type": "image",
          "assetId": "YfcMV1UsderB",
          "checksum": "85539463f4e02f09973d7f8322341dc2"
        },
        {
          "type": "image",
          "assetId": "VkFKbYg5GzsP",
          "checksum": "65fb09eac0dbb1639b15d2a61c81a2ff"
        },
        {
          "type": "image",
          "assetId": "dUTRO0K_W2ZC",
          "checksum": "00ab9cecbdbb4b7b4071ad4b94f3f295"
        },
        {
          "type": "image",
          "assetId": "_UeSNCiIvIB-",
          "checksum": "3b2587084cc7f71f12c44e6dc09db4c0"
        },
        {
          "type": "image",
          "assetId": "RXUG59tCO0y1",
          "checksum": "b43e154f24d70eae42ff30d43f2aeec1"
        },
        {
          "type": "renderModule",
          "assetId": "tTCkSMouIA8B",
          "checksum": "77f0a1f8820b9db78af73457323d1dd9"
        },
        {
          "type": "cssRules",
          "assetId": "tTCkSMouIA8B",
          "checksum": "77f0a1f8820b9db78af73457323d1dd9"
        },
        {
          "type": "image",
          "assetId": "S2qL6iZsNlec",
          "checksum": "350b964cda8d591a2d245a1a2680a8dd"
        },
        {
          "type": "image",
          "assetId": "cqlCiljXrUXX",
          "checksum": "99184aaef69234dea1b557d9be60b664"
        },
        {
          "type": "image",
          "assetId": "7ohycUN6VNEU",
          "checksum": "4a972463f2799e53472a0b1f28a55f47"
        },
        {
          "type": "icon",
          "assetId": "lj3T0oK_HiQ7",
          "checksum": "3c3db790ea964c02071becd962f2d240"
        },
        {
          "type": "icon",
          "assetId": "ZjisMCZ39fRq",
          "checksum": "69d26e05cc5af077d0324bd9c2bc6d7b"
        },
        {
          "type": "renderModule",
          "assetId": "Vvf9GHp0XqJi",
          "checksum": "f72138b0c3282cf668fee1c57d92e2c2"
        },
        {
          "type": "cssRules",
          "assetId": "Vvf9GHp0XqJi",
          "checksum": "f72138b0c3282cf668fee1c57d92e2c2"
        },
        {
          "type": "renderModule",
          "assetId": "JOkR_GpRIk06",
          "checksum": "c0f17986b546f142a67f59acb2a8a183"
        },
        {
          "type": "cssRules",
          "assetId": "JOkR_GpRIk06",
          "checksum": "c0f17986b546f142a67f59acb2a8a183"
        },
        {
          "type": "renderModule",
          "assetId": "GVnoh3mVfS2-",
          "checksum": "60c21d20f6bdec6b2a4a4d00061e71e6"
        },
        {
          "type": "cssRules",
          "assetId": "GVnoh3mVfS2-",
          "checksum": "60c21d20f6bdec6b2a4a4d00061e71e6"
        },
        {
          "type": "renderModule",
          "assetId": "n_BrlO7zQbu5",
          "checksum": "f3c2753efb78d26c04d014c990cd7824"
        },
        {
          "type": "cssRules",
          "assetId": "n_BrlO7zQbu5",
          "checksum": "f3c2753efb78d26c04d014c990cd7824"
        },
        {
          "type": "image",
          "assetId": "WSqoaZHQIbxJ",
          "checksum": "5f4bb4629c40a14051cb3436085c0a56"
        },
        {
          "type": "image",
          "assetId": "m4jSKEWRfS-D",
          "checksum": "1ed736d8ef0b8fd406dd2fe016f208ac"
        },
        {
          "type": "icon",
          "assetId": "IGmKTdFrHdSH",
          "checksum": "72b2f3e6418a4a954c9d5a0614efd4ce"
        },
        {
          "type": "icon",
          "assetId": "PUdu4Eq0YgkH",
          "checksum": "e9dee6d1a025af12703e9e20e22ed018"
        },
        {
          "type": "image",
          "assetId": "rB0MEMxaOgxk",
          "checksum": "aa681d9ff6fda3ddc0234530c254de3f"
        },
        {
          "type": "icon",
          "assetId": "sy98iCjT69--",
          "checksum": "fe9df6b31a8f86439f7b417a489c69e5"
        },
        {
          "type": "icon",
          "assetId": "NkVFZd6iU3-5",
          "checksum": "0345db56191f2f93b8a96120307fccaf"
        },
        {
          "type": "icon",
          "assetId": "XBxj4iigjQvC",
          "checksum": "c45acddb9451a264fdaea627ca00ca3e"
        },
        {
          "type": "renderModule",
          "assetId": "SsxhGEazCsmL",
          "checksum": "215ee2217c1c44663c27f053b2593f93"
        },
        {
          "type": "cssRules",
          "assetId": "SsxhGEazCsmL",
          "checksum": "215ee2217c1c44663c27f053b2593f93"
        },
        {
          "assetId": "bLa1shfC4noziDsvmxjKJF",
          "type": "projectCss",
          "checksum": "fa675ea9a3e8f46bbc6409a2fb4f6886"
        },
        {
          "assetId": "bLa1shfC4noziDsvmxjKJF",
          "checksum": "6b073819d4d01a0edbaa9ae2a6184c82",
          "type": "dataTokens"
        }
      ],
      "codegenVersion": "0.0.3"
    },
    {
      "projectId": "22U3ZXm4dE59qEW488gxzU",
      "version": "0.36.0",
      "dependencies": {},
      "lang": "ts",
      "fileLocks": [
        {
          "assetId": "22U3ZXm4dE59qEW488gxzU",
          "type": "projectCss",
          "checksum": "7c263532a0c7c56c1e32eba0f5837ffe"
        },
        {
          "assetId": "22U3ZXm4dE59qEW488gxzU",
          "checksum": "1c9295ae32ae9e095b9043fed1628c6f",
          "type": "globalContexts"
        },
        {
          "assetId": "22U3ZXm4dE59qEW488gxzU",
          "checksum": "7999b3d5978999f0eb5de19354d33135",
          "type": "projectModule"
        },
        {
          "assetId": "22U3ZXm4dE59qEW488gxzU",
          "checksum": "33f7a04a1e0ed0a8a3c4fe14abc64f3d",
          "type": "styleTokensProvider"
        }
      ],
      "codegenVersion": "0.0.3"
    },
    {
      "projectId": "hjKYmYi6HMwK6TRyk7ew5R",
      "version": "6.48.0",
      "dependencies": {},
      "lang": "ts",
      "fileLocks": [
        {
          "assetId": "hjKYmYi6HMwK6TRyk7ew5R",
          "type": "projectCss",
          "checksum": "65fb7bcec63ae4e51fc5c1ebb7626412"
        },
        {
          "assetId": "hjKYmYi6HMwK6TRyk7ew5R",
          "checksum": "fc22da7d2d5ac9282315db9ed887f438",
          "type": "globalContexts"
        },
        {
          "assetId": "hjKYmYi6HMwK6TRyk7ew5R",
          "checksum": "20c7b88464f2ba9d61a14974124f4e40",
          "type": "projectModule"
        },
        {
          "assetId": "hjKYmYi6HMwK6TRyk7ew5R",
          "checksum": "40bcfb4106208d4e0fa092c8fc8584cc",
          "type": "styleTokensProvider"
        }
      ],
      "codegenVersion": "0.0.3"
    },
    {
      "projectId": "hPz6Q3nQJn9Q8DTBgANGwo",
      "version": "0.1.0",
      "dependencies": {},
      "lang": "ts",
      "fileLocks": [
        {
          "assetId": "hPz6Q3nQJn9Q8DTBgANGwo",
          "type": "projectCss",
          "checksum": "a92f8a81c335659a69443e50fd02af8c"
        },
        {
          "assetId": "hPz6Q3nQJn9Q8DTBgANGwo",
          "checksum": "e879a55fe0e33c5a7292ca76ca988c2c",
          "type": "projectModule"
        },
        {
          "assetId": "hPz6Q3nQJn9Q8DTBgANGwo",
          "checksum": "a9d9f42e269ca4667ae6bd074600921e",
          "type": "styleTokensProvider"
        }
      ],
      "codegenVersion": "0.0.3"
    }
  ],
  "cliVersion": "0.1.359"
}
